
Microsoft Visual Studio Solution File, Format Version 12.00
# Visual Studio Version 17
VisualStudioVersion = 17.8.34511.84
MinimumVisualStudioVersion = 10.0.40219.1
Project("{9A19103F-16F7-4668-BE54-9A1E7A4F7556}") = "SetlistManager", "SetlistManager\SetlistManager.csproj", "{23B04941-0333-4283-99A0-412B9CCC7FD2}"
EndProject
Global
	GlobalSection(SolutionConfigurationPlatforms) = preSolution
		Debug|Any CPU = Debug|Any CPU
		Release|Any CPU = Release|Any CPU
	EndGlobalSection
	GlobalSection(ProjectConfigurationPlatforms) = postSolution
		{23B04941-0333-4283-99A0-412B9CCC7FD2}.Debug|Any CPU.ActiveCfg = Debug|Any CPU
		{23B04941-0333-4283-99A0-412B9CCC7FD2}.Debug|Any CPU.Build.0 = Debug|Any CPU
		{23B04941-0333-4283-99A0-412B9CCC7FD2}.Release|Any CPU.ActiveCfg = Release|Any CPU
		{23B04941-0333-4283-99A0-412B9CCC7FD2}.Release|Any CPU.Build.0 = Release|Any CPU
	EndGlobalSection
	GlobalSection(SolutionProperties) = preSolution
		HideSolutionNode = FALSE
	EndGlobalSection
	GlobalSection(ExtensibilityGlobals) = postSolution
		SolutionGuid = {FC307BA2-EC36-448D-BF65-2B98C75E8348}
	EndGlobalSection
EndGlobal
